// !$*UTF8*$!
{
	archiveVersion = 1;
	classes = {
	};
	objectVersion = 55;
	objects = {

/* Begin PBXBuildFile section */
		705BBB66283A1A6600F61E53 /* HomeCell.swift in Sources */ = {isa = PBXBuildFile; fileRef = 705BBB64283A1A6600F61E53 /* HomeCell.swift */; };
		705BBB67283A1A6600F61E53 /* HomeCellModel.swift in Sources */ = {isa = PBXBuildFile; fileRef = 705BBB65283A1A6600F61E53 /* HomeCellModel.swift */; };
		709C47ED285E557E00D814BF /* OnboardCell.swift in Sources */ = {isa = PBXBuildFile; fileRef = 709C47EB285E557E00D814BF /* OnboardCell.swift */; };
		709C47EE285E557E00D814BF /* OnboardCellModel.swift in Sources */ = {isa = PBXBuildFile; fileRef = 709C47EC285E557E00D814BF /* OnboardCellModel.swift */; };
		70B1AEC82858CBD70035FE2A /* AppConstants.swift in Sources */ = {isa = PBXBuildFile; fileRef = 70B1AEC72858CBD70035FE2A /* AppConstants.swift */; };
		70BD6A7B28318CC700E5D179 /* ExampleCell.swift in Sources */ = {isa = PBXBuildFile; fileRef = 70BD6A7928318CC700E5D179 /* ExampleCell.swift */; };
		70BD6A7C28318CC700E5D179 /* ExampleCellModel.swift in Sources */ = {isa = PBXBuildFile; fileRef = 70BD6A7A28318CC700E5D179 /* ExampleCellModel.swift */; };
		E72F1B73163D45C5A7CAA1D0 /* Pods_UIComponents.framework in Frameworks */ = {isa = PBXBuildFile; fileRef = FC6F78B05FEFA3BCB786A95F /* Pods_UIComponents.framework */; };
		FE7347C627E715580019DB4F /* UIComponents.h in Headers */ = {isa = PBXBuildFile; fileRef = FE7347C527E715580019DB4F /* UIComponents.h */; settings = {ATTRIBUTES = (Public, ); }; };
		FE73480327E716130019DB4F /* NSMutableAttributedString+Extension.swift in Sources */ = {isa = PBXBuildFile; fileRef = FE7347FF27E716130019DB4F /* NSMutableAttributedString+Extension.swift */; };
		FE73480427E716130019DB4F /* UICollectionView+Extensions.swift in Sources */ = {isa = PBXBuildFile; fileRef = FE73480027E716130019DB4F /* UICollectionView+Extensions.swift */; };
		FE73480527E716130019DB4F /* UIView+Extensions.swift in Sources */ = {isa = PBXBuildFile; fileRef = FE73480127E716130019DB4F /* UIView+Extensions.swift */; };
		FE73480627E716130019DB4F /* UITableView+Extensions.swift in Sources */ = {isa = PBXBuildFile; fileRef = FE73480227E716130019DB4F /* UITableView+Extensions.swift */; };
		FE73480927E7164A0019DB4F /* ReusableView.swift in Sources */ = {isa = PBXBuildFile; fileRef = FE73480827E7164A0019DB4F /* ReusableView.swift */; };
/* End PBXBuildFile section */

/* Begin PBXFileReference section */
		017205D27D9379550173DA92 /* Pods-UIComponents.release.xcconfig */ = {isa = PBXFileReference; includeInIndex = 1; lastKnownFileType = text.xcconfig; name = "Pods-UIComponents.release.xcconfig"; path = "Target Support Files/Pods-UIComponents/Pods-UIComponents.release.xcconfig"; sourceTree = "<group>"; };
		63FFBDCF860852E97C663915 /* Pods-UIComponents.debug.xcconfig */ = {isa = PBXFileReference; includeInIndex = 1; lastKnownFileType = text.xcconfig; name = "Pods-UIComponents.debug.xcconfig"; path = "Target Support Files/Pods-UIComponents/Pods-UIComponents.debug.xcconfig"; sourceTree = "<group>"; };
		705BBB64283A1A6600F61E53 /* HomeCell.swift */ = {isa = PBXFileReference; lastKnownFileType = sourcecode.swift; path = HomeCell.swift; sourceTree = "<group>"; };
		705BBB65283A1A6600F61E53 /* HomeCellModel.swift */ = {isa = PBXFileReference; lastKnownFileType = sourcecode.swift; path = HomeCellModel.swift; sourceTree = "<group>"; };
		709C47EB285E557E00D814BF /* OnboardCell.swift */ = {isa = PBXFileReference; lastKnownFileType = sourcecode.swift; path = OnboardCell.swift; sourceTree = "<group>"; };
		709C47EC285E557E00D814BF /* OnboardCellModel.swift */ = {isa = PBXFileReference; lastKnownFileType = sourcecode.swift; path = OnboardCellModel.swift; sourceTree = "<group>"; };
		70B1AEC72858CBD70035FE2A /* AppConstants.swift */ = {isa = PBXFileReference; fileEncoding = 4; lastKnownFileType = sourcecode.swift; path = AppConstants.swift; sourceTree = "<group>"; };
		70BD6A7928318CC700E5D179 /* ExampleCell.swift */ = {isa = PBXFileReference; lastKnownFileType = sourcecode.swift; path = ExampleCell.swift; sourceTree = "<group>"; };
		70BD6A7A28318CC700E5D179 /* ExampleCellModel.swift */ = {isa = PBXFileReference; lastKnownFileType = sourcecode.swift; path = ExampleCellModel.swift; sourceTree = "<group>"; };
		FC6F78B05FEFA3BCB786A95F /* Pods_UIComponents.framework */ = {isa = PBXFileReference; explicitFileType = wrapper.framework; includeInIndex = 0; path = Pods_UIComponents.framework; sourceTree = BUILT_PRODUCTS_DIR; };
		FE7347C227E715580019DB4F /* UIComponents.framework */ = {isa = PBXFileReference; explicitFileType = wrapper.framework; includeInIndex = 0; path = UIComponents.framework; sourceTree = BUILT_PRODUCTS_DIR; };
		FE7347C527E715580019DB4F /* UIComponents.h */ = {isa = PBXFileReference; lastKnownFileType = sourcecode.c.h; path = UIComponents.h; sourceTree = "<group>"; };
		FE7347FF27E716130019DB4F /* NSMutableAttributedString+Extension.swift */ = {isa = PBXFileReference; fileEncoding = 4; lastKnownFileType = sourcecode.swift; path = "NSMutableAttributedString+Extension.swift"; sourceTree = "<group>"; };
		FE73480027E716130019DB4F /* UICollectionView+Extensions.swift */ = {isa = PBXFileReference; fileEncoding = 4; lastKnownFileType = sourcecode.swift; path = "UICollectionView+Extensions.swift"; sourceTree = "<group>"; };
		FE73480127E716130019DB4F /* UIView+Extensions.swift */ = {isa = PBXFileReference; fileEncoding = 4; lastKnownFileType = sourcecode.swift; path = "UIView+Extensions.swift"; sourceTree = "<group>"; };
		FE73480227E716130019DB4F /* UITableView+Extensions.swift */ = {isa = PBXFileReference; fileEncoding = 4; lastKnownFileType = sourcecode.swift; path = "UITableView+Extensions.swift"; sourceTree = "<group>"; };
		FE73480827E7164A0019DB4F /* ReusableView.swift */ = {isa = PBXFileReference; fileEncoding = 4; lastKnownFileType = sourcecode.swift; path = ReusableView.swift; sourceTree = "<group>"; };
/* End PBXFileReference section */

/* Begin PBXFrameworksBuildPhase section */
		FE7347BF27E715580019DB4F /* Frameworks */ = {
			isa = PBXFrameworksBuildPhase;
			buildActionMask = 2147483647;
			files = (
				E72F1B73163D45C5A7CAA1D0 /* Pods_UIComponents.framework in Frameworks */,
			);
			runOnlyForDeploymentPostprocessing = 0;
		};
/* End PBXFrameworksBuildPhase section */

/* Begin PBXGroup section */
		512FE9E63EFA4C8618A45625 /* Pods */ = {
			isa = PBXGroup;
			children = (
				63FFBDCF860852E97C663915 /* Pods-UIComponents.debug.xcconfig */,
				017205D27D9379550173DA92 /* Pods-UIComponents.release.xcconfig */,
			);
			name = Pods;
			path = ../Pods;
			sourceTree = "<group>";
		};
		705BBB63283A1A4800F61E53 /* HomeCell */ = {
			isa = PBXGroup;
			children = (
				705BBB64283A1A6600F61E53 /* HomeCell.swift */,
				705BBB65283A1A6600F61E53 /* HomeCellModel.swift */,
			);
			path = HomeCell;
			sourceTree = "<group>";
		};
		709C47E9285E556C00D814BF /* CollectionView */ = {
			isa = PBXGroup;
			children = (
				709C47EA285E557100D814BF /* OnboardCell */,
			);
			path = CollectionView;
			sourceTree = "<group>";
		};
		709C47EA285E557100D814BF /* OnboardCell */ = {
			isa = PBXGroup;
			children = (
				709C47EB285E557E00D814BF /* OnboardCell.swift */,
				709C47EC285E557E00D814BF /* OnboardCellModel.swift */,
			);
			path = OnboardCell;
			sourceTree = "<group>";
		};
		70BD6A7528318C9B00E5D179 /* Cell */ = {
			isa = PBXGroup;
			children = (
				709C47E9285E556C00D814BF /* CollectionView */,
				70BD6A7628318CA600E5D179 /* TableView */,
			);
			path = Cell;
			sourceTree = "<group>";
		};
		70BD6A7628318CA600E5D179 /* TableView */ = {
			isa = PBXGroup;
			children = (
				705BBB63283A1A4800F61E53 /* HomeCell */,
				70BD6A7828318CB200E5D179 /* ExampleCell */,
			);
			path = TableView;
			sourceTree = "<group>";
		};
		70BD6A7828318CB200E5D179 /* ExampleCell */ = {
			isa = PBXGroup;
			children = (
				70BD6A7928318CC700E5D179 /* ExampleCell.swift */,
				70BD6A7A28318CC700E5D179 /* ExampleCellModel.swift */,
			);
			path = ExampleCell;
			sourceTree = "<group>";
		};
		E735DDAA7FA619F08D55B1D9 /* Frameworks */ = {
			isa = PBXGroup;
			children = (
				FC6F78B05FEFA3BCB786A95F /* Pods_UIComponents.framework */,
			);
			name = Frameworks;
			sourceTree = "<group>";
		};
		FE7347B827E715580019DB4F = {
			isa = PBXGroup;
			children = (
				FE7347C427E715580019DB4F /* UIComponents */,
				FE7347C327E715580019DB4F /* Products */,
				512FE9E63EFA4C8618A45625 /* Pods */,
				E735DDAA7FA619F08D55B1D9 /* Frameworks */,
			);
			sourceTree = "<group>";
		};
		FE7347C327E715580019DB4F /* Products */ = {
			isa = PBXGroup;
			children = (
				FE7347C227E715580019DB4F /* UIComponents.framework */,
			);
			name = Products;
			sourceTree = "<group>";
		};
		FE7347C427E715580019DB4F /* UIComponents */ = {
			isa = PBXGroup;
			children = (
				70BD6A7528318C9B00E5D179 /* Cell */,
				FE73480727E7164A0019DB4F /* Protocols */,
				FE7347FE27E716040019DB4F /* Extensions */,
				FE7347C527E715580019DB4F /* UIComponents.h */,
			);
			path = UIComponents;
			sourceTree = "<group>";
		};
		FE7347FE27E716040019DB4F /* Extensions */ = {
			isa = PBXGroup;
			children = (
				70B1AEC72858CBD70035FE2A /* AppConstants.swift */,
				FE7347FF27E716130019DB4F /* NSMutableAttributedString+Extension.swift */,
				FE73480027E716130019DB4F /* UICollectionView+Extensions.swift */,
				FE73480227E716130019DB4F /* UITableView+Extensions.swift */,
				FE73480127E716130019DB4F /* UIView+Extensions.swift */,
			);
			path = Extensions;
			sourceTree = "<group>";
		};
		FE73480727E7164A0019DB4F /* Protocols */ = {
			isa = PBXGroup;
			children = (
				FE73480827E7164A0019DB4F /* ReusableView.swift */,
			);
			path = Protocols;
			sourceTree = "<group>";
		};
/* End PBXGroup section */

/* Begin PBXHeadersBuildPhase section */
		FE7347BD27E715580019DB4F /* Headers */ = {
			isa = PBXHeadersBuildPhase;
			buildActionMask = 2147483647;
			files = (
				FE7347C627E715580019DB4F /* UIComponents.h in Headers */,
			);
			runOnlyForDeploymentPostprocessing = 0;
		};
/* End PBXHeadersBuildPhase section */

/* Begin PBXNativeTarget section */
		FE7347C127E715580019DB4F /* UIComponents */ = {
			isa = PBXNativeTarget;
			buildConfigurationList = FE7347C927E715580019DB4F /* Build configuration list for PBXNativeTarget "UIComponents" */;
			buildPhases = (
				AC7F0AA9EEED67196759D989 /* [CP] Check Pods Manifest.lock */,
				FE7347BD27E715580019DB4F /* Headers */,
				FE7347BE27E715580019DB4F /* Sources */,
				FE7347BF27E715580019DB4F /* Frameworks */,
				FE7347C027E715580019DB4F /* Resources */,
			);
			buildRules = (
			);
			dependencies = (
			);
			name = UIComponents;
			productName = UIComponents;
			productReference = FE7347C227E715580019DB4F /* UIComponents.framework */;
			productType = "com.apple.product-type.framework";
		};
/* End PBXNativeTarget section */

/* Begin PBXProject section */
		FE7347B927E715580019DB4F /* Project object */ = {
			isa = PBXProject;
			attributes = {
				BuildIndependentTargetsInParallel = 1;
				LastUpgradeCheck = 1330;
				TargetAttributes = {
					FE7347C127E715580019DB4F = {
						CreatedOnToolsVersion = 13.3;
						LastSwiftMigration = 1330;
					};
				};
			};
			buildConfigurationList = FE7347BC27E715580019DB4F /* Build configuration list for PBXProject "UIComponents" */;
			compatibilityVersion = "Xcode 13.0";
			developmentRegion = en;
			hasScannedForEncodings = 0;
			knownRegions = (
				en,
				Base,
			);
			mainGroup = FE7347B827E715580019DB4F;
			productRefGroup = FE7347C327E715580019DB4F /* Products */;
			projectDirPath = "";
			projectRoot = "";
			targets = (
				FE7347C127E715580019DB4F /* UIComponents */,
			);
		};
/* End PBXProject section */

/* Begin PBXResourcesBuildPhase section */
		FE7347C027E715580019DB4F /* Resources */ = {
			isa = PBXResourcesBuildPhase;
			buildActionMask = 2147483647;
			files = (
			);
			runOnlyForDeploymentPostprocessing = 0;
		};
/* End PBXResourcesBuildPhase section */

/* Begin PBXShellScriptBuildPhase section */
		AC7F0AA9EEED67196759D989 /* [CP] Check Pods Manifest.lock */ = {
			isa = PBXShellScriptBuildPhase;
			buildActionMask = 2147483647;
			files = (
			);
			inputFileListPaths = (
			);
			inputPaths = (
				"${PODS_PODFILE_DIR_PATH}/Podfile.lock",
				"${PODS_ROOT}/Manifest.lock",
			);
			name = "[CP] Check Pods Manifest.lock";
			outputFileListPaths = (
			);
			outputPaths = (
				"$(DERIVED_FILE_DIR)/Pods-UIComponents-checkManifestLockResult.txt",
			);
			runOnlyForDeploymentPostprocessing = 0;
			shellPath = /bin/sh;
			shellScript = "diff \"${PODS_PODFILE_DIR_PATH}/Podfile.lock\" \"${PODS_ROOT}/Manifest.lock\" > /dev/null\nif [ $? != 0 ] ; then\n    # print error to STDERR\n    echo \"error: The sandbox is not in sync with the Podfile.lock. Run 'pod install' or update your CocoaPods installation.\" >&2\n    exit 1\nfi\n# This output is used by Xcode 'outputs' to avoid re-running this script phase.\necho \"SUCCESS\" > \"${SCRIPT_OUTPUT_FILE_0}\"\n";
			showEnvVarsInLog = 0;
		};
/* End PBXShellScriptBuildPhase section */

/* Begin PBXSourcesBuildPhase section */
		FE7347BE27E715580019DB4F /* Sources */ = {
			isa = PBXSourcesBuildPhase;
			buildActionMask = 2147483647;
			files = (
				70BD6A7C28318CC700E5D179 /* ExampleCellModel.swift in Sources */,
				70BD6A7B28318CC700E5D179 /* ExampleCell.swift in Sources */,
				705BBB66283A1A6600F61E53 /* HomeCell.swift in Sources */,
				709C47ED285E557E00D814BF /* OnboardCell.swift in Sources */,
				FE73480527E716130019DB4F /* UIView+Extensions.swift in Sources */,
				FE73480927E7164A0019DB4F /* ReusableView.swift in Sources */,
				705BBB67283A1A6600F61E53 /* HomeCellModel.swift in Sources */,
				709C47EE285E557E00D814BF /* OnboardCellModel.swift in Sources */,
				FE73480427E716130019DB4F /* UICollectionView+Extensions.swift in Sources */,
				FE73480327E716130019DB4F /* NSMutableAttributedString+Extension.swift in Sources */,
				FE73480627E716130019DB4F /* UITableView+Extensions.swift in Sources */,
				70B1AEC82858CBD70035FE2A /* AppConstants.swift in Sources */,
			);
			runOnlyForDeploymentPostprocessing = 0;
		};
/* End PBXSourcesBuildPhase section */

/* Begin XCBuildConfiguration section */
		FE7347C727E715580019DB4F /* Debug */ = {
			isa = XCBuildConfiguration;
			buildSettings = {
				ALWAYS_SEARCH_USER_PATHS = NO;
				CLANG_ANALYZER_NONNULL = YES;
				CLANG_ANALYZER_NUMBER_OBJECT_CONVERSION = YES_AGGRESSIVE;
				CLANG_CXX_LANGUAGE_STANDARD = "gnu++17";
				CLANG_ENABLE_MODULES = YES;
				CLANG_ENABLE_OBJC_ARC = YES;
				CLANG_ENABLE_OBJC_WEAK = YES;
				CLANG_WARN_BLOCK_CAPTURE_AUTORELEASING = YES;
				CLANG_WARN_BOOL_CONVERSION = YES;
				CLANG_WARN_COMMA = YES;
				CLANG_WARN_CONSTANT_CONVERSION = YES;
				CLANG_WARN_DEPRECATED_OBJC_IMPLEMENTATIONS = YES;
				CLANG_WARN_DIRECT_OBJC_ISA_USAGE = YES_ERROR;
				CLANG_WARN_DOCUMENTATION_COMMENTS = YES;
				CLANG_WARN_EMPTY_BODY = YES;
				CLANG_WARN_ENUM_CONVERSION = YES;
				CLANG_WARN_INFINITE_RECURSION = YES;
				CLANG_WARN_INT_CONVERSION = YES;
				CLANG_WARN_NON_LITERAL_NULL_CONVERSION = YES;
				CLANG_WARN_OBJC_IMPLICIT_RETAIN_SELF = YES;
				CLANG_WARN_OBJC_LITERAL_CONVERSION = YES;
				CLANG_WARN_OBJC_ROOT_CLASS = YES_ERROR;
				CLANG_WARN_QUOTED_INCLUDE_IN_FRAMEWORK_HEADER = YES;
				CLANG_WARN_RANGE_LOOP_ANALYSIS = YES;
				CLANG_WARN_STRICT_PROTOTYPES = YES;
				CLANG_WARN_SUSPICIOUS_MOVE = YES;
				CLANG_WARN_UNGUARDED_AVAILABILITY = YES_AGGRESSIVE;
				CLANG_WARN_UNREACHABLE_CODE = YES;
				CLANG_WARN__DUPLICATE_METHOD_MATCH = YES;
				COPY_PHASE_STRIP = NO;
				CURRENT_PROJECT_VERSION = 1;
				DEBUG_INFORMATION_FORMAT = dwarf;
				ENABLE_STRICT_OBJC_MSGSEND = YES;
				ENABLE_TESTABILITY = YES;
				GCC_C_LANGUAGE_STANDARD = gnu11;
				GCC_DYNAMIC_NO_PIC = NO;
				GCC_NO_COMMON_BLOCKS = YES;
				GCC_OPTIMIZATION_LEVEL = 0;
				GCC_PREPROCESSOR_DEFINITIONS = (
					"DEBUG=1",
					"$(inherited)",
				);
				GCC_WARN_64_TO_32_BIT_CONVERSION = YES;
				GCC_WARN_ABOUT_RETURN_TYPE = YES_ERROR;
				GCC_WARN_UNDECLARED_SELECTOR = YES;
				GCC_WARN_UNINITIALIZED_AUTOS = YES_AGGRESSIVE;
				GCC_WARN_UNUSED_FUNCTION = YES;
				GCC_WARN_UNUSED_VARIABLE = YES;
				IPHONEOS_DEPLOYMENT_TARGET = 15.4;
				MTL_ENABLE_DEBUG_INFO = INCLUDE_SOURCE;
				MTL_FAST_MATH = YES;
				ONLY_ACTIVE_ARCH = YES;
				SDKROOT = iphoneos;
				SWIFT_ACTIVE_COMPILATION_CONDITIONS = DEBUG;
				SWIFT_OPTIMIZATION_LEVEL = "-Onone";
				VERSIONING_SYSTEM = "apple-generic";
				VERSION_INFO_PREFIX = "";
			};
			name = Debug;
		};
		FE7347C827E715580019DB4F /* Release */ = {
			isa = XCBuildConfiguration;
			buildSettings = {
				ALWAYS_SEARCH_USER_PATHS = NO;
				CLANG_ANALYZER_NONNULL = YES;
				CLANG_ANALYZER_NUMBER_OBJECT_CONVERSION = YES_AGGRESSIVE;
				CLANG_CXX_LANGUAGE_STANDARD = "gnu++17";
				CLANG_ENABLE_MODULES = YES;
				CLANG_ENABLE_OBJC_ARC = YES;
				CLANG_ENABLE_OBJC_WEAK = YES;
				CLANG_WARN_BLOCK_CAPTURE_AUTORELEASING = YES;
				CLANG_WARN_BOOL_CONVERSION = YES;
				CLANG_WARN_COMMA = YES;
				CLANG_WARN_CONSTANT_CONVERSION = YES;
				CLANG_WARN_DEPRECATED_OBJC_IMPLEMENTATIONS = YES;
				CLANG_WARN_DIRECT_OBJC_ISA_USAGE = YES_ERROR;
				CLANG_WARN_DOCUMENTATION_COMMENTS = YES;
				CLANG_WARN_EMPTY_BODY = YES;
				CLANG_WARN_ENUM_CONVERSION = YES;
				CLANG_WARN_INFINITE_RECURSION = YES;
				CLANG_WARN_INT_CONVERSION = YES;
				CLANG_WARN_NON_LITERAL_NULL_CONVERSION = YES;
				CLANG_WARN_OBJC_IMPLICIT_RETAIN_SELF = YES;
				CLANG_WARN_OBJC_LITERAL_CONVERSION = YES;
				CLANG_WARN_OBJC_ROOT_CLASS = YES_ERROR;
				CLANG_WARN_QUOTED_INCLUDE_IN_FRAMEWORK_HEADER = YES;
				CLANG_WARN_RANGE_LOOP_ANALYSIS = YES;
				CLANG_WARN_STRICT_PROTOTYPES = YES;
				CLANG_WARN_SUSPICIOUS_MOVE = YES;
				CLANG_WARN_UNGUARDED_AVAILABILITY = YES_AGGRESSIVE;
				CLANG_WARN_UNREACHABLE_CODE = YES;
				CLANG_WARN__DUPLICATE_METHOD_MATCH = YES;
				COPY_PHASE_STRIP = NO;
				CURRENT_PROJECT_VERSION = 1;
				DEBUG_INFORMATION_FORMAT = "dwarf-with-dsym";
				ENABLE_NS_ASSERTIONS = NO;
				ENABLE_STRICT_OBJC_MSGSEND = YES;
				GCC_C_LANGUAGE_STANDARD = gnu11;
				GCC_NO_COMMON_BLOCKS = YES;
				GCC_WARN_64_TO_32_BIT_CONVERSION = YES;
				GCC_WARN_ABOUT_RETURN_TYPE = YES_ERROR;
				GCC_WARN_UNDECLARED_SELECTOR = YES;
				GCC_WARN_UNINITIALIZED_AUTOS = YES_AGGRESSIVE;
				GCC_WARN_UNUSED_FUNCTION = YES;
				GCC_WARN_UNUSED_VARIABLE = YES;
				IPHONEOS_DEPLOYMENT_TARGET = 15.4;
				MTL_ENABLE_DEBUG_INFO = NO;
				MTL_FAST_MATH = YES;
				SDKROOT = iphoneos;
				SWIFT_COMPILATION_MODE = wholemodule;
				SWIFT_OPTIMIZATION_LEVEL = "-O";
				VALIDATE_PRODUCT = YES;
				VERSIONING_SYSTEM = "apple-generic";
				VERSION_INFO_PREFIX = "";
			};
			name = Release;
		};
		FE7347CA27E715580019DB4F /* Debug */ = {
			isa = XCBuildConfiguration;
			baseConfigurationReference = 63FFBDCF860852E97C663915 /* Pods-UIComponents.debug.xcconfig */;
			buildSettings = {
				CLANG_ENABLE_MODULES = YES;
				CODE_SIGN_IDENTITY = "Apple Development";
				CODE_SIGN_STYLE = Automatic;
				CURRENT_PROJECT_VERSION = 1;
				DEFINES_MODULE = YES;
				DEVELOPMENT_TEAM = C7UJQJ2BAR;
				DYLIB_COMPATIBILITY_VERSION = 1;
				DYLIB_CURRENT_VERSION = 1;
				DYLIB_INSTALL_NAME_BASE = "@rpath";
				GENERATE_INFOPLIST_FILE = YES;
				INFOPLIST_KEY_NSHumanReadableCopyright = "";
				INSTALL_PATH = "$(LOCAL_LIBRARY_DIR)/Frameworks";
				IPHONEOS_DEPLOYMENT_TARGET = 13.0;
				LD_RUNPATH_SEARCH_PATHS = (
					"$(inherited)",
					"@executable_path/Frameworks",
					"@loader_path/Frameworks",
				);
				MARKETING_VERSION = 1.0;
				PRODUCT_BUNDLE_IDENTIFIER = com.furkanhanci..UIComponents;
				PRODUCT_NAME = "$(TARGET_NAME:c99extidentifier)";
				SKIP_INSTALL = YES;
				SUPPORTS_MACCATALYST = NO;
				SWIFT_EMIT_LOC_STRINGS = YES;
				SWIFT_OPTIMIZATION_LEVEL = "-Onone";
				SWIFT_VERSION = 5.0;
				TARGETED_DEVICE_FAMILY = 1;
			};
			name = Debug;
		};
		FE7347CB27E715580019DB4F /* Release */ = {
			isa = XCBuildConfiguration;
			baseConfigurationReference = 017205D27D9379550173DA92 /* Pods-UIComponents.release.xcconfig */;
			buildSettings = {
				CLANG_ENABLE_MODULES = YES;
				CODE_SIGN_IDENTITY = "Apple Development";
				CODE_SIGN_STYLE = Automatic;
				CURRENT_PROJECT_VERSION = 1;
				DEFINES_MODULE = YES;
				DEVELOPMENT_TEAM = C7UJQJ2BAR;
				DYLIB_COMPATIBILITY_VERSION = 1;
				DYLIB_CURRENT_VERSION = 1;
				DYLIB_INSTALL_NAME_BASE = "@rpath";
				GENERATE_INFOPLIST_FILE = YES;
				INFOPLIST_KEY_NSHumanReadableCopyright = "";
				INSTALL_PATH = "$(LOCAL_LIBRARY_DIR)/Frameworks";
				IPHONEOS_DEPLOYMENT_TARGET = 13.0;
				LD_RUNPATH_SEARCH_PATHS = (
					"$(inherited)",
					"@executable_path/Frameworks",
					"@loader_path/Frameworks",
				);
				MARKETING_VERSION = 1.0;
				PRODUCT_BUNDLE_IDENTIFIER = com.furkanhanci..UIComponents;
				PRODUCT_NAME = "$(TARGET_NAME:c99extidentifier)";
				SKIP_INSTALL = YES;
				SUPPORTS_MACCATALYST = NO;
				SWIFT_EMIT_LOC_STRINGS = YES;
				SWIFT_VERSION = 5.0;
				TARGETED_DEVICE_FAMILY = 1;
			};
			name = Release;
		};
/* End XCBuildConfiguration section */

/* Begin XCConfigurationList section */
		FE7347BC27E715580019DB4F /* Build configuration list for PBXProject "UIComponents" */ = {
			isa = XCConfigurationList;
			buildConfigurations = (
				FE7347C727E715580019DB4F /* Debug */,
				FE7347C827E715580019DB4F /* Release */,
			);
			defaultConfigurationIsVisible = 0;
			defaultConfigurationName = Release;
		};
		FE7347C927E715580019DB4F /* Build configuration list for PBXNativeTarget "UIComponents" */ = {
			isa = XCConfigurationList;
			buildConfigurations = (
				FE7347CA27E715580019DB4F /* Debug */,
				FE7347CB27E715580019DB4F /* Release */,
			);
			defaultConfigurationIsVisible = 0;
			defaultConfigurationName = Release;
		};
/* End XCConfigurationList section */
	};
	rootObject = FE7347B927E715580019DB4F /* Project object */;
}
